
Microsoft Visual Studio Solution File, Format Version 12.00
# Visual Studio Version 17
VisualStudioVersion = 17.11.35327.3
MinimumVisualStudioVersion = 10.0.40219.1
Project("{9A19103F-16F7-4668-BE54-9A1E7A4F7556}") = "Forensics.Registry", "Forensics.Registry\Forensics.Registry.csproj", "{502458A4-B152-4E4E-9EB1-EB5673D007B2}"
EndProject
Project("{FAE04EC0-301F-11D3-BF4B-00C04F79EFBC}") = "Forensics.Scanner", "Forensics.Scanner\Forensics.Scanner.csproj", "{A989DF14-AD3F-4CE1-9CF9-D6ABD63343EA}"
EndProject
Project("{FAE04EC0-301F-11D3-BF4B-00C04F79EFBC}") = "Forensics.Registry.Test", "Forensics.Registry.Test\Forensics.Registry.Test.csproj", "{CEFD56BD-509C-4BD1-98B0-FD6153CC82DC}"
EndProject
Project("{FAE04EC0-301F-11D3-BF4B-00C04F79EFBC}") = "Forensics.Data", "Forensics.Data\Forensics.Data.csproj", "{FA7F5CD6-5A75-472A-ADA8-7B38B7877B9B}"
EndProject
Project("{FAE04EC0-301F-11D3-BF4B-00C04F79EFBC}") = "Forensics.TestData.Generator", "Forensics.TestData.Generator\Forensics.TestData.Generator.csproj", "{ECC26C39-3756-462E-BEB3-706ECB6D53DC}"
EndProject
Project("{FAE04EC0-301F-11D3-BF4B-00C04F79EFBC}") = "Forensics.Data.Test", "Forensics.Data.Test\Forensics.Data.Test.csproj", "{A63B0E0B-18C4-4D3E-92AD-C2B02C1392DF}"
EndProject
Global
	GlobalSection(SolutionConfigurationPlatforms) = preSolution
		Debug|Any CPU = Debug|Any CPU
		Release|Any CPU = Release|Any CPU
	EndGlobalSection
	GlobalSection(ProjectConfigurationPlatforms) = postSolution
		{502458A4-B152-4E4E-9EB1-EB5673D007B2}.Debug|Any CPU.ActiveCfg = Debug|Any CPU
		{502458A4-B152-4E4E-9EB1-EB5673D007B2}.Debug|Any CPU.Build.0 = Debug|Any CPU
		{502458A4-B152-4E4E-9EB1-EB5673D007B2}.Release|Any CPU.ActiveCfg = Release|Any CPU
		{502458A4-B152-4E4E-9EB1-EB5673D007B2}.Release|Any CPU.Build.0 = Release|Any CPU
		{A989DF14-AD3F-4CE1-9CF9-D6ABD63343EA}.Debug|Any CPU.ActiveCfg = Debug|Any CPU
		{A989DF14-AD3F-4CE1-9CF9-D6ABD63343EA}.Debug|Any CPU.Build.0 = Debug|Any CPU
		{A989DF14-AD3F-4CE1-9CF9-D6ABD63343EA}.Release|Any CPU.ActiveCfg = Release|Any CPU
		{A989DF14-AD3F-4CE1-9CF9-D6ABD63343EA}.Release|Any CPU.Build.0 = Release|Any CPU
		{CEFD56BD-509C-4BD1-98B0-FD6153CC82DC}.Debug|Any CPU.ActiveCfg = Debug|Any CPU
		{CEFD56BD-509C-4BD1-98B0-FD6153CC82DC}.Debug|Any CPU.Build.0 = Debug|Any CPU
		{CEFD56BD-509C-4BD1-98B0-FD6153CC82DC}.Release|Any CPU.ActiveCfg = Release|Any CPU
		{CEFD56BD-509C-4BD1-98B0-FD6153CC82DC}.Release|Any CPU.Build.0 = Release|Any CPU
		{FA7F5CD6-5A75-472A-ADA8-7B38B7877B9B}.Debug|Any CPU.ActiveCfg = Debug|Any CPU
		{FA7F5CD6-5A75-472A-ADA8-7B38B7877B9B}.Debug|Any CPU.Build.0 = Debug|Any CPU
		{FA7F5CD6-5A75-472A-ADA8-7B38B7877B9B}.Release|Any CPU.ActiveCfg = Release|Any CPU
		{FA7F5CD6-5A75-472A-ADA8-7B38B7877B9B}.Release|Any CPU.Build.0 = Release|Any CPU
		{ECC26C39-3756-462E-BEB3-706ECB6D53DC}.Debug|Any CPU.ActiveCfg = Debug|Any CPU
		{ECC26C39-3756-462E-BEB3-706ECB6D53DC}.Debug|Any CPU.Build.0 = Debug|Any CPU
		{ECC26C39-3756-462E-BEB3-706ECB6D53DC}.Release|Any CPU.ActiveCfg = Release|Any CPU
		{ECC26C39-3756-462E-BEB3-706ECB6D53DC}.Release|Any CPU.Build.0 = Release|Any CPU
		{A63B0E0B-18C4-4D3E-92AD-C2B02C1392DF}.Debug|Any CPU.ActiveCfg = Debug|Any CPU
		{A63B0E0B-18C4-4D3E-92AD-C2B02C1392DF}.Debug|Any CPU.Build.0 = Debug|Any CPU
		{A63B0E0B-18C4-4D3E-92AD-C2B02C1392DF}.Release|Any CPU.ActiveCfg = Release|Any CPU
		{A63B0E0B-18C4-4D3E-92AD-C2B02C1392DF}.Release|Any CPU.Build.0 = Release|Any CPU
	EndGlobalSection
	GlobalSection(SolutionProperties) = preSolution
		HideSolutionNode = FALSE
	EndGlobalSection
	GlobalSection(ExtensibilityGlobals) = postSolution
		SolutionGuid = {FB6427AD-2C46-4A20-BBBF-D269576043A8}
	EndGlobalSection
EndGlobal
